github.com/cybertea0x/goapidoc v0.0.0-20250204162546-737c918be665 h1:+wXy4yt/jbF0HHK+7rSWGNeXG/p+3vvkz39cV+yfJHI=
github.com/cybertea0x/goapidoc v0.0.0-20250204162546-737c918be665/go.mod h1:OPwSbo8CmCfn4NwuZYOxKe/E+xZk6tAF9hzzRAYgeQ0=
github.com/cybertea0x/goapidoc v0.0.0-20250205195240-b2971db8aa74 h1:+shqb63V3/xek3K6P5kBMR/IxhK6EvafdzQL+SFlXzE=
github.com/cybertea0x/goapidoc v0.0.0-20250205195240-b2971db8aa74/go.mod h1:OPwSbo8CmCfn4NwuZYOxKe/E+xZk6tAF9hzzRAYgeQ0=
